{
  "name": "swiftprimer",
  "version": "0.0.1",
  "lockfileVersion": 1,
  "requires": true,
  "dependencies": {
    "@primer/primitives": {
      "version": "0.0.0-20212382031",
      "resolved": "https://registry.npmjs.org/@primer/primitives/-/primitives-0.0.0-20212382031.tgz",
      "integrity": "sha512-LAl9NnEzxtvZ/GdoHzRU955nlMlsvHk+DUJJStJ1DaqgWn8n5+1pw1MmsY5+4OeULvleQOtzoNsSoeYW4eLyPQ=="
    }
  }
}
